
Microsoft Visual Studio Solution File, Format Version 12.00
# Visual Studio Version 17
VisualStudioVersion = 17.11.35431.28
MinimumVisualStudioVersion = 10.0.40219.1
Project("{9A19103F-16F7-4668-BE54-9A1E7A4F7556}") = "Example01ApplyShader", "Example01ApplyShader\Example01ApplyShader.csproj", "{77E958CF-D6B2-40CF-8769-B82C5912E736}"
EndProject
Project("{9A19103F-16F7-4668-BE54-9A1E7A4F7556}") = "Example02PassingValuesToShader", "Example02PassingValuesToShader\Example02PassingValuesToShader.csproj", "{B86FFF85-04B0-41B5-9186-2C94F41E2697}"
EndProject
Project("{FAE04EC0-301F-11D3-BF4B-00C04F79EFBC}") = "Example03UsingMultipleTextures", "Example03UsingMultipleTextures\Example03UsingMultipleTextures.csproj", "{011ABF0F-9EDA-486E-B14A-5386130B47C9}"
EndProject
Project("{FAE04EC0-301F-11D3-BF4B-00C04F79EFBC}") = "Example04Simple2DLighting", "Example04Simple2DLighting\Example04Simple2DLighting.csproj", "{674B28FD-8DEA-4868-B1A2-C535F3FAF90A}"
EndProject
Global
	GlobalSection(SolutionConfigurationPlatforms) = preSolution
		Debug|Any CPU = Debug|Any CPU
		Release|Any CPU = Release|Any CPU
	EndGlobalSection
	GlobalSection(ProjectConfigurationPlatforms) = postSolution
		{77E958CF-D6B2-40CF-8769-B82C5912E736}.Debug|Any CPU.ActiveCfg = Debug|Any CPU
		{77E958CF-D6B2-40CF-8769-B82C5912E736}.Debug|Any CPU.Build.0 = Debug|Any CPU
		{77E958CF-D6B2-40CF-8769-B82C5912E736}.Release|Any CPU.ActiveCfg = Release|Any CPU
		{77E958CF-D6B2-40CF-8769-B82C5912E736}.Release|Any CPU.Build.0 = Release|Any CPU
		{B86FFF85-04B0-41B5-9186-2C94F41E2697}.Debug|Any CPU.ActiveCfg = Debug|Any CPU
		{B86FFF85-04B0-41B5-9186-2C94F41E2697}.Debug|Any CPU.Build.0 = Debug|Any CPU
		{B86FFF85-04B0-41B5-9186-2C94F41E2697}.Release|Any CPU.ActiveCfg = Release|Any CPU
		{B86FFF85-04B0-41B5-9186-2C94F41E2697}.Release|Any CPU.Build.0 = Release|Any CPU
		{011ABF0F-9EDA-486E-B14A-5386130B47C9}.Debug|Any CPU.ActiveCfg = Debug|Any CPU
		{011ABF0F-9EDA-486E-B14A-5386130B47C9}.Debug|Any CPU.Build.0 = Debug|Any CPU
		{011ABF0F-9EDA-486E-B14A-5386130B47C9}.Release|Any CPU.ActiveCfg = Release|Any CPU
		{011ABF0F-9EDA-486E-B14A-5386130B47C9}.Release|Any CPU.Build.0 = Release|Any CPU
		{674B28FD-8DEA-4868-B1A2-C535F3FAF90A}.Debug|Any CPU.ActiveCfg = Debug|Any CPU
		{674B28FD-8DEA-4868-B1A2-C535F3FAF90A}.Debug|Any CPU.Build.0 = Debug|Any CPU
		{674B28FD-8DEA-4868-B1A2-C535F3FAF90A}.Release|Any CPU.ActiveCfg = Release|Any CPU
		{674B28FD-8DEA-4868-B1A2-C535F3FAF90A}.Release|Any CPU.Build.0 = Release|Any CPU
	EndGlobalSection
	GlobalSection(SolutionProperties) = preSolution
		HideSolutionNode = FALSE
	EndGlobalSection
	GlobalSection(ExtensibilityGlobals) = postSolution
		SolutionGuid = {DB485C34-C2A1-4F6F-A106-413C5BFBA6A6}
	EndGlobalSection
EndGlobal
